
Microsoft Visual Studio Solution File, Format Version 12.00
Project("{FAE04EC0-301F-11D3-BF4B-00C04F79EFBC}") = "PetsShelterApi", "PetsShelterApi\PetsShelterApi.csproj", "{AAA096DF-6DFD-4431-90B6-496C10462267}"
EndProject
Global
	GlobalSection(SolutionConfigurationPlatforms) = preSolution
		Debug|Any CPU = Debug|Any CPU
		Release|Any CPU = Release|Any CPU
	EndGlobalSection
	GlobalSection(ProjectConfigurationPlatforms) = postSolution
		{AAA096DF-6DFD-4431-90B6-496C10462267}.Debug|Any CPU.ActiveCfg = Debug|Any CPU
		{AAA096DF-6DFD-4431-90B6-496C10462267}.Debug|Any CPU.Build.0 = Debug|Any CPU
		{AAA096DF-6DFD-4431-90B6-496C10462267}.Release|Any CPU.ActiveCfg = Release|Any CPU
		{AAA096DF-6DFD-4431-90B6-496C10462267}.Release|Any CPU.Build.0 = Release|Any CPU
	EndGlobalSection
EndGlobal
